// !$*UTF8*$!
{
	archiveVersion = 1;
	classes = {
	};
	objectVersion = 56;
	objects = {

/* Begin PBXBuildFile section */
		18420FFF297393200037AC07 /* dream.swift in Sources */ = {isa = PBXBuildFile; fileRef = 18420FFE297393200037AC07 /* dream.swift */; };
		184210012973CB270037AC07 /* Lotso.swift in Sources */ = {isa = PBXBuildFile; fileRef = 184210002973CB260037AC07 /* Lotso.swift */; };
		184210052973EA3F0037AC07 /* Tuscan sun.swift in Sources */ = {isa = PBXBuildFile; fileRef = 184210042973EA3F0037AC07 /* Tuscan sun.swift */; };
		184210072974AA390037AC07 /* newyork.swift in Sources */ = {isa = PBXBuildFile; fileRef = 184210062974AA390037AC07 /* newyork.swift */; };
		18DC6C4B29706C5F0043B66F /* TradingCardsApp.swift in Sources */ = {isa = PBXBuildFile; fileRef = 18DC6C4A29706C5F0043B66F /* TradingCardsApp.swift */; };
		18DC6C4D29706C600043B66F /* ContentVeiw.swift in Sources */ = {isa = PBXBuildFile; fileRef = 18DC6C4C29706C600043B66F /* ContentVeiw.swift */; };
		18DC6C4F29706C670043B66F /* Assets.xcassets in Resources */ = {isa = PBXBuildFile; fileRef = 18DC6C4E29706C670043B66F /* Assets.xcassets */; };
		18DC6C5229706C670043B66F /* Preview Assets.xcassets in Resources */ = {isa = PBXBuildFile; fileRef = 18DC6C5129706C670043B66F /* Preview Assets.xcassets */; };
/* End PBXBuildFile section */

/* Begin PBXFileReference section */
		18420FFE297393200037AC07 /* dream.swift */ = {isa = PBXFileReference; lastKnownFileType = sourcecode.swift; path = dream.swift; sourceTree = "<group>"; };
		184210002973CB260037AC07 /* Lotso.swift */ = {isa = PBXFileReference; lastKnownFileType = sourcecode.swift; path = Lotso.swift; sourceTree = "<group>"; };
		184210042973EA3F0037AC07 /* Tuscan sun.swift */ = {isa = PBXFileReference; lastKnownFileType = sourcecode.swift; path = "Tuscan sun.swift"; sourceTree = "<group>"; };
		184210062974AA390037AC07 /* newyork.swift */ = {isa = PBXFileReference; lastKnownFileType = sourcecode.swift; path = newyork.swift; sourceTree = "<group>"; };
		18DC6C4729706C5F0043B66F /* TradingCards.app */ = {isa = PBXFileReference; explicitFileType = wrapper.application; includeInIndex = 0; path = TradingCards.app; sourceTree = BUILT_PRODUCTS_DIR; };
		18DC6C4A29706C5F0043B66F /* TradingCardsApp.swift */ = {isa = PBXFileReference; lastKnownFileType = sourcecode.swift; path = TradingCardsApp.swift; sourceTree = "<group>"; };
		18DC6C4C29706C600043B66F /* ContentVeiw.swift */ = {isa = PBXFileReference; lastKnownFileType = sourcecode.swift; path = ContentVeiw.swift; sourceTree = "<group>"; };
		18DC6C4E29706C670043B66F /* Assets.xcassets */ = {isa = PBXFileReference; lastKnownFileType = folder.assetcatalog; path = Assets.xcassets; sourceTree = "<group>"; };
		18DC6C5129706C670043B66F /* Preview Assets.xcassets */ = {isa = PBXFileReference; lastKnownFileType = folder.assetcatalog; path = "Preview Assets.xcassets"; sourceTree = "<group>"; };
/* End PBXFileReference section */

/* Begin PBXFrameworksBuildPhase section */
		18DC6C4429706C5F0043B66F /* Frameworks */ = {
			isa = PBXFrameworksBuildPhase;
			buildActionMask = 2147483647;
			files = (
			);
			runOnlyForDeploymentPostprocessing = 0;
		};
/* End PBXFrameworksBuildPhase section */

/* Begin PBXGroup section */
		18DC6C3E29706C5F0043B66F = {
			isa = PBXGroup;
			children = (
				18DC6C4929706C5F0043B66F /* TradingCards */,
				18DC6C4829706C5F0043B66F /* Products */,
			);
			sourceTree = "<group>";
		};
		18DC6C4829706C5F0043B66F /* Products */ = {
			isa = PBXGroup;
			children = (
				18DC6C4729706C5F0043B66F /* TradingCards.app */,
			);
			name = Products;
			sourceTree = "<group>";
		};
		18DC6C4929706C5F0043B66F /* TradingCards */ = {
			isa = PBXGroup;
			children = (
				18DC6C4A29706C5F0043B66F /* TradingCardsApp.swift */,
				18DC6C4C29706C600043B66F /* ContentVeiw.swift */,
				18420FFE297393200037AC07 /* dream.swift */,
				184210002973CB260037AC07 /* Lotso.swift */,
				184210042973EA3F0037AC07 /* Tuscan sun.swift */,
				184210062974AA390037AC07 /* newyork.swift */,
				18DC6C4E29706C670043B66F /* Assets.xcassets */,
				18DC6C5029706C670043B66F /* Preview Content */,
			);
			path = TradingCards;
			sourceTree = "<group>";
		};
		18DC6C5029706C670043B66F /* Preview Content */ = {
			isa = PBXGroup;
			children = (
				18DC6C5129706C670043B66F /* Preview Assets.xcassets */,
			);
			path = "Preview Content";
			sourceTree = "<group>";
		};
/* End PBXGroup section */

/* Begin PBXNativeTarget section */
		18DC6C4629706C5F0043B66F /* TradingCards */ = {
			isa = PBXNativeTarget;
			buildConfigurationList = 18DC6C5529706C670043B66F /* Build configuration list for PBXNativeTarget "TradingCards" */;
			buildPhases = (
				18DC6C4329706C5F0043B66F /* Sources */,
				18DC6C4429706C5F0043B66F /* Frameworks */,
				18DC6C4529706C5F0043B66F /* Resources */,
			);
			buildRules = (
			);
			dependencies = (
			);
			name = TradingCards;
			productName = TradingCards;
			productReference = 18DC6C4729706C5F0043B66F /* TradingCards.app */;
			productType = "com.apple.product-type.application";
		};
/* End PBXNativeTarget section */

/* Begin PBXProject section */
		18DC6C3F29706C5F0043B66F /* Project object */ = {
			isa = PBXProject;
			attributes = {
				BuildIndependentTargetsInParallel = 1;
				LastSwiftUpdateCheck = 1400;
				LastUpgradeCheck = 1400;
				TargetAttributes = {
					18DC6C4629706C5F0043B66F = {
						CreatedOnToolsVersion = 14.0.1;
					};
				};
			};
			buildConfigurationList = 18DC6C4229706C5F0043B66F /* Build configuration list for PBXProject "TradingCards" */;
			compatibilityVersion = "Xcode 14.0";
			developmentRegion = en;
			hasScannedForEncodings = 0;
			knownRegions = (
				en,
				Base,
			);
			mainGroup = 18DC6C3E29706C5F0043B66F;
			productRefGroup = 18DC6C4829706C5F0043B66F /* Products */;
			projectDirPath = "";
			projectRoot = "";
			targets = (
				18DC6C4629706C5F0043B66F /* TradingCards */,
			);
		};
/* End PBXProject section */

/* Begin PBXResourcesBuildPhase section */
		18DC6C4529706C5F0043B66F /* Resources */ = {
			isa = PBXResourcesBuildPhase;
			buildActionMask = 2147483647;
			files = (
				18DC6C5229706C670043B66F /* Preview Assets.xcassets in Resources */,
				18DC6C4F29706C670043B66F /* Assets.xcassets in Resources */,
			);
			runOnlyForDeploymentPostprocessing = 0;
		};
/* End PBXResourcesBuildPhase section */

/* Begin PBXSourcesBuildPhase section */
		18DC6C4329706C5F0043B66F /* Sources */ = {
			isa = PBXSourcesBuildPhase;
			buildActionMask = 2147483647;
			files = (
				18DC6C4D29706C600043B66F /* ContentVeiw.swift in Sources */,
				18DC6C4B29706C5F0043B66F /* TradingCardsApp.swift in Sources */,
				18420FFF297393200037AC07 /* dream.swift in Sources */,
				184210012973CB270037AC07 /* Lotso.swift in Sources */,
				184210052973EA3F0037AC07 /* Tuscan sun.swift in Sources */,
				184210072974AA390037AC07 /* newyork.swift in Sources */,
			);
			runOnlyForDeploymentPostprocessing = 0;
		};
/* End PBXSourcesBuildPhase section */

/* Begin XCBuildConfiguration section */
		18DC6C5329706C670043B66F /* Debug */ = {
			isa = XCBuildConfiguration;
			buildSettings = {
				ALWAYS_SEARCH_USER_PATHS = NO;
				CLANG_ANALYZER_NONNULL = YES;
				CLANG_ANALYZER_NUMBER_OBJECT_CONVERSION = YES_AGGRESSIVE;
				CLANG_CXX_LANGUAGE_STANDARD = "gnu++20";
				CLANG_ENABLE_MODULES = YES;
				CLANG_ENABLE_OBJC_ARC = YES;
				CLANG_ENABLE_OBJC_WEAK = YES;
				CLANG_WARN_BLOCK_CAPTURE_AUTORELEASING = YES;
				CLANG_WARN_BOOL_CONVERSION = YES;
				CLANG_WARN_COMMA = YES;
				CLANG_WARN_CONSTANT_CONVERSION = YES;
				CLANG_WARN_DEPRECATED_OBJC_IMPLEMENTATIONS = YES;
				CLANG_WARN_DIRECT_OBJC_ISA_USAGE = YES_ERROR;
				CLANG_WARN_DOCUMENTATION_COMMENTS = YES;
				CLANG_WARN_EMPTY_BODY = YES;
				CLANG_WARN_ENUM_CONVERSION = YES;
				CLANG_WARN_INFINITE_RECURSION = YES;
				CLANG_WARN_INT_CONVERSION = YES;
				CLANG_WARN_NON_LITERAL_NULL_CONVERSION = YES;
				CLANG_WARN_OBJC_IMPLICIT_RETAIN_SELF = YES;
				CLANG_WARN_OBJC_LITERAL_CONVERSION = YES;
				CLANG_WARN_OBJC_ROOT_CLASS = YES_ERROR;
				CLANG_WARN_QUOTED_INCLUDE_IN_FRAMEWORK_HEADER = YES;
				CLANG_WARN_RANGE_LOOP_ANALYSIS = YES;
				CLANG_WARN_STRICT_PROTOTYPES = YES;
				CLANG_WARN_SUSPICIOUS_MOVE = YES;
				CLANG_WARN_UNGUARDED_AVAILABILITY = YES_AGGRESSIVE;
				CLANG_WARN_UNREACHABLE_CODE = YES;
				CLANG_WARN__DUPLICATE_METHOD_MATCH = YES;
				COPY_PHASE_STRIP = NO;
				DEBUG_INFORMATION_FORMAT = dwarf;
				ENABLE_STRICT_OBJC_MSGSEND = YES;
				ENABLE_TESTABILITY = YES;
				GCC_C_LANGUAGE_STANDARD = gnu11;
				GCC_DYNAMIC_NO_PIC = NO;
				GCC_NO_COMMON_BLOCKS = YES;
				GCC_OPTIMIZATION_LEVEL = 0;
				GCC_PREPROCESSOR_DEFINITIONS = (
					"DEBUG=1",
					"$(inherited)",
				);
				GCC_WARN_64_TO_32_BIT_CONVERSION = YES;
				GCC_WARN_ABOUT_RETURN_TYPE = YES_ERROR;
				GCC_WARN_UNDECLARED_SELECTOR = YES;
				GCC_WARN_UNINITIALIZED_AUTOS = YES_AGGRESSIVE;
				GCC_WARN_UNUSED_FUNCTION = YES;
				GCC_WARN_UNUSED_VARIABLE = YES;
				IPHONEOS_DEPLOYMENT_TARGET = 16.0;
				MTL_ENABLE_DEBUG_INFO = INCLUDE_SOURCE;
				MTL_FAST_MATH = YES;
				ONLY_ACTIVE_ARCH = YES;
				SDKROOT = iphoneos;
				SWIFT_ACTIVE_COMPILATION_CONDITIONS = DEBUG;
				SWIFT_OPTIMIZATION_LEVEL = "-Onone";
			};
			name = Debug;
		};
		18DC6C5429706C670043B66F /* Release */ = {
			isa = XCBuildConfiguration;
			buildSettings = {
				ALWAYS_SEARCH_USER_PATHS = NO;
				CLANG_ANALYZER_NONNULL = YES;
				CLANG_ANALYZER_NUMBER_OBJECT_CONVERSION = YES_AGGRESSIVE;
				CLANG_CXX_LANGUAGE_STANDARD = "gnu++20";
				CLANG_ENABLE_MODULES = YES;
				CLANG_ENABLE_OBJC_ARC = YES;
				CLANG_ENABLE_OBJC_WEAK = YES;
				CLANG_WARN_BLOCK_CAPTURE_AUTORELEASING = YES;
				CLANG_WARN_BOOL_CONVERSION = YES;
				CLANG_WARN_COMMA = YES;
				CLANG_WARN_CONSTANT_CONVERSION = YES;
				CLANG_WARN_DEPRECATED_OBJC_IMPLEMENTATIONS = YES;
				CLANG_WARN_DIRECT_OBJC_ISA_USAGE = YES_ERROR;
				CLANG_WARN_DOCUMENTATION_COMMENTS = YES;
				CLANG_WARN_EMPTY_BODY = YES;
				CLANG_WARN_ENUM_CONVERSION = YES;
				CLANG_WARN_INFINITE_RECURSION = YES;
				CLANG_WARN_INT_CONVERSION = YES;
				CLANG_WARN_NON_LITERAL_NULL_CONVERSION = YES;
				CLANG_WARN_OBJC_IMPLICIT_RETAIN_SELF = YES;
				CLANG_WARN_OBJC_LITERAL_CONVERSION = YES;
				CLANG_WARN_OBJC_ROOT_CLASS = YES_ERROR;
				CLANG_WARN_QUOTED_INCLUDE_IN_FRAMEWORK_HEADER = YES;
				CLANG_WARN_RANGE_LOOP_ANALYSIS = YES;
				CLANG_WARN_STRICT_PROTOTYPES = YES;
				CLANG_WARN_SUSPICIOUS_MOVE = YES;
				CLANG_WARN_UNGUARDED_AVAILABILITY = YES_AGGRESSIVE;
				CLANG_WARN_UNREACHABLE_CODE = YES;
				CLANG_WARN__DUPLICATE_METHOD_MATCH = YES;
				COPY_PHASE_STRIP = NO;
				DEBUG_INFORMATION_FORMAT = "dwarf-with-dsym";
				ENABLE_NS_ASSERTIONS = NO;
				ENABLE_STRICT_OBJC_MSGSEND = YES;
				GCC_C_LANGUAGE_STANDARD = gnu11;
				GCC_NO_COMMON_BLOCKS = YES;
				GCC_WARN_64_TO_32_BIT_CONVERSION = YES;
				GCC_WARN_ABOUT_RETURN_TYPE = YES_ERROR;
				GCC_WARN_UNDECLARED_SELECTOR = YES;
				GCC_WARN_UNINITIALIZED_AUTOS = YES_AGGRESSIVE;
				GCC_WARN_UNUSED_FUNCTION = YES;
				GCC_WARN_UNUSED_VARIABLE = YES;
				IPHONEOS_DEPLOYMENT_TARGET = 16.0;
				MTL_ENABLE_DEBUG_INFO = NO;
				MTL_FAST_MATH = YES;
				SDKROOT = iphoneos;
				SWIFT_COMPILATION_MODE = wholemodule;
				SWIFT_OPTIMIZATION_LEVEL = "-O";
				VALIDATE_PRODUCT = YES;
			};
			name = Release;
		};
		18DC6C5629706C670043B66F /* Debug */ = {
			isa = XCBuildConfiguration;
			buildSettings = {
				ASSETCATALOG_COMPILER_APPICON_NAME = AppIcon;
				ASSETCATALOG_COMPILER_GLOBAL_ACCENT_COLOR_NAME = AccentColor;
				CODE_SIGN_STYLE = Automatic;
				CURRENT_PROJECT_VERSION = 1;
				DEVELOPMENT_ASSET_PATHS = "\"TradingCards/Preview Content\"";
				DEVELOPMENT_TEAM = 4BGJTWJ49Q;
				ENABLE_PREVIEWS = YES;
				GENERATE_INFOPLIST_FILE = YES;
				INFOPLIST_KEY_UIApplicationSceneManifest_Generation = YES;
				INFOPLIST_KEY_UIApplicationSupportsIndirectInputEvents = YES;
				INFOPLIST_KEY_UILaunchScreen_Generation = YES;
				INFOPLIST_KEY_UISupportedInterfaceOrientations_iPad = "UIInterfaceOrientationPortrait UIInterfaceOrientationPortraitUpsideDown UIInterfaceOrientationLandscapeLeft UIInterfaceOrientationLandscapeRight";
				INFOPLIST_KEY_UISupportedInterfaceOrientations_iPhone = "UIInterfaceOrientationPortrait UIInterfaceOrientationLandscapeLeft UIInterfaceOrientationLandscapeRight";
				LD_RUNPATH_SEARCH_PATHS = (
					"$(inherited)",
					"@executable_path/Frameworks",
				);
				MARKETING_VERSION = 1.0;
				PRODUCT_BUNDLE_IDENTIFIER = grace.TradingCards;
				PRODUCT_NAME = "$(TARGET_NAME)";
				SWIFT_EMIT_LOC_STRINGS = YES;
				SWIFT_VERSION = 5.0;
				TARGETED_DEVICE_FAMILY = "1,2";
			};
			name = Debug;
		};
		18DC6C5729706C670043B66F /* Release */ = {
			isa = XCBuildConfiguration;
			buildSettings = {
				ASSETCATALOG_COMPILER_APPICON_NAME = AppIcon;
				ASSETCATALOG_COMPILER_GLOBAL_ACCENT_COLOR_NAME = AccentColor;
				CODE_SIGN_STYLE = Automatic;
				CURRENT_PROJECT_VERSION = 1;
				DEVELOPMENT_ASSET_PATHS = "\"TradingCards/Preview Content\"";
				DEVELOPMENT_TEAM = 4BGJTWJ49Q;
				ENABLE_PREVIEWS = YES;
				GENERATE_INFOPLIST_FILE = YES;
				INFOPLIST_KEY_UIApplicationSceneManifest_Generation = YES;
				INFOPLIST_KEY_UIApplicationSupportsIndirectInputEvents = YES;
				INFOPLIST_KEY_UILaunchScreen_Generation = YES;
				INFOPLIST_KEY_UISupportedInterfaceOrientations_iPad = "UIInterfaceOrientationPortrait UIInterfaceOrientationPortraitUpsideDown UIInterfaceOrientationLandscapeLeft UIInterfaceOrientationLandscapeRight";
				INFOPLIST_KEY_UISupportedInterfaceOrientations_iPhone = "UIInterfaceOrientationPortrait UIInterfaceOrientationLandscapeLeft UIInterfaceOrientationLandscapeRight";
				LD_RUNPATH_SEARCH_PATHS = (
					"$(inherited)",
					"@executable_path/Frameworks",
				);
				MARKETING_VERSION = 1.0;
				PRODUCT_BUNDLE_IDENTIFIER = grace.TradingCards;
				PRODUCT_NAME = "$(TARGET_NAME)";
				SWIFT_EMIT_LOC_STRINGS = YES;
				SWIFT_VERSION = 5.0;
				TARGETED_DEVICE_FAMILY = "1,2";
			};
			name = Release;
		};
/* End XCBuildConfiguration section */

/* Begin XCConfigurationList section */
		18DC6C4229706C5F0043B66F /* Build configuration list for PBXProject "TradingCards" */ = {
			isa = XCConfigurationList;
			buildConfigurations = (
				18DC6C5329706C670043B66F /* Debug */,
				18DC6C5429706C670043B66F /* Release */,
			);
			defaultConfigurationIsVisible = 0;
			defaultConfigurationName = Release;
		};
		18DC6C5529706C670043B66F /* Build configuration list for PBXNativeTarget "TradingCards" */ = {
			isa = XCConfigurationList;
			buildConfigurations = (
				18DC6C5629706C670043B66F /* Debug */,
				18DC6C5729706C670043B66F /* Release */,
			);
			defaultConfigurationIsVisible = 0;
			defaultConfigurationName = Release;
		};
/* End XCConfigurationList section */
	};
	rootObject = 18DC6C3F29706C5F0043B66F /* Project object */;
}
